
Microsoft Visual Studio Solution File, Format Version 12.00
# Visual Studio Version 16
VisualStudioVersion = 16.0.31025.109
MinimumVisualStudioVersion = 10.0.40219.1
Project("{9A19103F-16F7-4668-BE54-9A1E7A4F7556}") = "WebAppSHA01", "WebAppSHA01.csproj", "{28301C01-A38A-4F61-9BE0-051CD77E4BC5}"
EndProject
Project("{FAE04EC0-301F-11D3-BF4B-00C04F79EFBC}") = "WebApp2", "..\WebApp2\WebApp2.csproj", "{CBA229E0-84F2-4C50-B481-EE272ECEA91B}"
EndProject
Global
	GlobalSection(SolutionConfigurationPlatforms) = preSolution
		Debug|Any CPU = Debug|Any CPU
		Release|Any CPU = Release|Any CPU
	EndGlobalSection
	GlobalSection(ProjectConfigurationPlatforms) = postSolution
		{28301C01-A38A-4F61-9BE0-051CD77E4BC5}.Debug|Any CPU.ActiveCfg = Debug|Any CPU
		{28301C01-A38A-4F61-9BE0-051CD77E4BC5}.Debug|Any CPU.Build.0 = Debug|Any CPU
		{28301C01-A38A-4F61-9BE0-051CD77E4BC5}.Release|Any CPU.ActiveCfg = Release|Any CPU
		{28301C01-A38A-4F61-9BE0-051CD77E4BC5}.Release|Any CPU.Build.0 = Release|Any CPU
		{CBA229E0-84F2-4C50-B481-EE272ECEA91B}.Debug|Any CPU.ActiveCfg = Debug|Any CPU
		{CBA229E0-84F2-4C50-B481-EE272ECEA91B}.Debug|Any CPU.Build.0 = Debug|Any CPU
		{CBA229E0-84F2-4C50-B481-EE272ECEA91B}.Release|Any CPU.ActiveCfg = Release|Any CPU
		{CBA229E0-84F2-4C50-B481-EE272ECEA91B}.Release|Any CPU.Build.0 = Release|Any CPU
	EndGlobalSection
	GlobalSection(SolutionProperties) = preSolution
		HideSolutionNode = FALSE
	EndGlobalSection
	GlobalSection(ExtensibilityGlobals) = postSolution
		SolutionGuid = {18FF5A55-0E09-4AE9-B421-9B6F2DE157FF}
	EndGlobalSection
EndGlobal
