
Microsoft Visual Studio Solution File, Format Version 12.00
# Visual Studio Version 16
VisualStudioVersion = 16.0.30523.141
MinimumVisualStudioVersion = 10.0.40219.1
Project("{9A19103F-16F7-4668-BE54-9A1E7A4F7556}") = "WebApp01", "WebApp01\WebApp01.csproj", "{1A44FB25-B1CA-4502-B25E-DF5BAFE05707}"
EndProject
Project("{FAE04EC0-301F-11D3-BF4B-00C04F79EFBC}") = "HelloMVC", "HelloMVC\HelloMVC.csproj", "{48BEB43C-5B91-41DD-88EA-83C0F7D58206}"
EndProject
Project("{FAE04EC0-301F-11D3-BF4B-00C04F79EFBC}") = "SimpleMVCApp", "SimpleMVCApp\SimpleMVCApp.csproj", "{D7E03662-EC7D-41FF-A953-FAC537EB5268}"
EndProject
Global
	GlobalSection(SolutionConfigurationPlatforms) = preSolution
		Debug|Any CPU = Debug|Any CPU
		Release|Any CPU = Release|Any CPU
	EndGlobalSection
	GlobalSection(ProjectConfigurationPlatforms) = postSolution
		{1A44FB25-B1CA-4502-B25E-DF5BAFE05707}.Debug|Any CPU.ActiveCfg = Debug|Any CPU
		{1A44FB25-B1CA-4502-B25E-DF5BAFE05707}.Debug|Any CPU.Build.0 = Debug|Any CPU
		{1A44FB25-B1CA-4502-B25E-DF5BAFE05707}.Release|Any CPU.ActiveCfg = Release|Any CPU
		{1A44FB25-B1CA-4502-B25E-DF5BAFE05707}.Release|Any CPU.Build.0 = Release|Any CPU
		{48BEB43C-5B91-41DD-88EA-83C0F7D58206}.Debug|Any CPU.ActiveCfg = Debug|Any CPU
		{48BEB43C-5B91-41DD-88EA-83C0F7D58206}.Debug|Any CPU.Build.0 = Debug|Any CPU
		{48BEB43C-5B91-41DD-88EA-83C0F7D58206}.Release|Any CPU.ActiveCfg = Release|Any CPU
		{48BEB43C-5B91-41DD-88EA-83C0F7D58206}.Release|Any CPU.Build.0 = Release|Any CPU
		{D7E03662-EC7D-41FF-A953-FAC537EB5268}.Debug|Any CPU.ActiveCfg = Debug|Any CPU
		{D7E03662-EC7D-41FF-A953-FAC537EB5268}.Debug|Any CPU.Build.0 = Debug|Any CPU
		{D7E03662-EC7D-41FF-A953-FAC537EB5268}.Release|Any CPU.ActiveCfg = Release|Any CPU
		{D7E03662-EC7D-41FF-A953-FAC537EB5268}.Release|Any CPU.Build.0 = Release|Any CPU
	EndGlobalSection
	GlobalSection(SolutionProperties) = preSolution
		HideSolutionNode = FALSE
	EndGlobalSection
	GlobalSection(ExtensibilityGlobals) = postSolution
		SolutionGuid = {7232627F-2F87-4069-9065-C7651B74C3FE}
	EndGlobalSection
EndGlobal
