
Microsoft Visual Studio Solution File, Format Version 12.00
# Visual Studio Version 16
VisualStudioVersion = 16.0.30523.141
MinimumVisualStudioVersion = 10.0.40219.1
Project("{FAE04EC0-301F-11D3-BF4B-00C04F79EFBC}") = "BooksWeb", "BooksWeb\BooksWeb.csproj", "{CE054E37-A90B-46FA-AC06-32975E5EF551}"
EndProject
Project("{FAE04EC0-301F-11D3-BF4B-00C04F79EFBC}") = "ConceptArchitect.BookManagement", "ConceptArchitect.BookManagement\ConceptArchitect.BookManagement.csproj", "{8F68688A-E972-4B70-802F-C0CC51BF1E57}"
EndProject
Global
	GlobalSection(SolutionConfigurationPlatforms) = preSolution
		Debug|Any CPU = Debug|Any CPU
		Release|Any CPU = Release|Any CPU
	EndGlobalSection
	GlobalSection(ProjectConfigurationPlatforms) = postSolution
		{CE054E37-A90B-46FA-AC06-32975E5EF551}.Debug|Any CPU.ActiveCfg = Debug|Any CPU
		{CE054E37-A90B-46FA-AC06-32975E5EF551}.Debug|Any CPU.Build.0 = Debug|Any CPU
		{CE054E37-A90B-46FA-AC06-32975E5EF551}.Release|Any CPU.ActiveCfg = Release|Any CPU
		{CE054E37-A90B-46FA-AC06-32975E5EF551}.Release|Any CPU.Build.0 = Release|Any CPU
		{8F68688A-E972-4B70-802F-C0CC51BF1E57}.Debug|Any CPU.ActiveCfg = Debug|Any CPU
		{8F68688A-E972-4B70-802F-C0CC51BF1E57}.Debug|Any CPU.Build.0 = Debug|Any CPU
		{8F68688A-E972-4B70-802F-C0CC51BF1E57}.Release|Any CPU.ActiveCfg = Release|Any CPU
		{8F68688A-E972-4B70-802F-C0CC51BF1E57}.Release|Any CPU.Build.0 = Release|Any CPU
	EndGlobalSection
	GlobalSection(SolutionProperties) = preSolution
		HideSolutionNode = FALSE
	EndGlobalSection
	GlobalSection(ExtensibilityGlobals) = postSolution
		SolutionGuid = {C19400D9-FE06-4EAA-860E-B9330C9E1312}
	EndGlobalSection
EndGlobal
